
Microsoft Visual Studio Solution File, Format Version 12.00
# Visual Studio 2013
VisualStudioVersion = 12.0.30723.0
MinimumVisualStudioVersion = 10.0.40219.1
Project("{F2A71F9B-5D33-465A-A702-920D77279786}") = "HelloFSharp", "ConsoleApplication1\HelloFSharp.fsproj", "{C686D889-150D-4D1F-AF2C-F172EF8CB03E}"
EndProject
Global
	GlobalSection(SolutionConfigurationPlatforms) = preSolution
		Debug|Any CPU = Debug|Any CPU
		Release|Any CPU = Release|Any CPU
	EndGlobalSection
	GlobalSection(ProjectConfigurationPlatforms) = postSolution
		{C686D889-150D-4D1F-AF2C-F172EF8CB03E}.Debug|Any CPU.ActiveCfg = Debug|Any CPU
		{C686D889-150D-4D1F-AF2C-F172EF8CB03E}.Debug|Any CPU.Build.0 = Debug|Any CPU
		{C686D889-150D-4D1F-AF2C-F172EF8CB03E}.Release|Any CPU.ActiveCfg = Release|Any CPU
		{C686D889-150D-4D1F-AF2C-F172EF8CB03E}.Release|Any CPU.Build.0 = Release|Any CPU
	EndGlobalSection
	GlobalSection(SolutionProperties) = preSolution
		HideSolutionNode = FALSE
	EndGlobalSection
EndGlobal
